{
  "name": "cloud-toolkit-aws",
  "lockfileVersion": 2,
  "requires": true,
  "packages": {
    "": {
      "devDependencies": {
        "@types/lodash.defaultsdeep": "^4.6.7",
        "lodash.defaultsdeep": "^4.6.1"
      }
    },
    "node_modules/@types/lodash": {
      "version": "4.14.185",
      "resolved": "https://registry.npmjs.org/@types/lodash/-/lodash-4.14.185.tgz",
      "integrity": "sha512-evMDG1bC4rgQg4ku9tKpuMh5iBNEwNa3tf9zRHdP1qlv+1WUg44xat4IxCE14gIpZRGUUWAx2VhItCZc25NfMA==",
      "dev": true
    },
    "node_modules/@types/lodash.defaultsdeep": {
      "version": "4.6.7",
      "resolved": "https://registry.npmjs.org/@types/lodash.defaultsdeep/-/lodash.defaultsdeep-4.6.7.tgz",
      "integrity": "sha512-D+AUxs64qehDMkbfFoskG0XsIOh2CHBGqYfcQcubLbZSFCGKJKS885su3a97huqBNHj+p9of9UZ/uUIP46wUGQ==",
      "dev": true,
      "dependencies": {
        "@types/lodash": "*"
      }
    },
    "node_modules/lodash.defaultsdeep": {
      "version": "4.6.1",
      "resolved": "https://registry.npmjs.org/lodash.defaultsdeep/-/lodash.defaultsdeep-4.6.1.tgz",
      "integrity": "sha512-3j8wdDzYuWO3lM3Reg03MuQR957t287Rpcxp1njpEa8oDrikb+FwGdW3n+FELh/A6qib6yPit0j/pv9G/yeAqA==",
      "dev": true
    }
  },
  "dependencies": {
    "@types/lodash": {
      "version": "4.14.185",
      "resolved": "https://registry.npmjs.org/@types/lodash/-/lodash-4.14.185.tgz",
      "integrity": "sha512-evMDG1bC4rgQg4ku9tKpuMh5iBNEwNa3tf9zRHdP1qlv+1WUg44xat4IxCE14gIpZRGUUWAx2VhItCZc25NfMA==",
      "dev": true
    },
    "@types/lodash.defaultsdeep": {
      "version": "4.6.7",
      "resolved": "https://registry.npmjs.org/@types/lodash.defaultsdeep/-/lodash.defaultsdeep-4.6.7.tgz",
      "integrity": "sha512-D+AUxs64qehDMkbfFoskG0XsIOh2CHBGqYfcQcubLbZSFCGKJKS885su3a97huqBNHj+p9of9UZ/uUIP46wUGQ==",
      "dev": true,
      "requires": {
        "@types/lodash": "*"
      }
    },
    "lodash.defaultsdeep": {
      "version": "4.6.1",
      "resolved": "https://registry.npmjs.org/lodash.defaultsdeep/-/lodash.defaultsdeep-4.6.1.tgz",
      "integrity": "sha512-3j8wdDzYuWO3lM3Reg03MuQR957t287Rpcxp1njpEa8oDrikb+FwGdW3n+FELh/A6qib6yPit0j/pv9G/yeAqA==",
      "dev": true
    }
  }
}
